
Microsoft Visual Studio Solution File, Format Version 12.00
# Visual Studio Version 17
VisualStudioVersion = 17.2.32630.192
MinimumVisualStudioVersion = 10.0.40219.1
Project("{8BC9CEB8-8B4A-11D0-8D11-00A0C91BC942}") = "HomeWorks", "Калькулятор\Калькулятор.vcxproj", "{4D64E74A-1F77-4E5F-B8BD-913AAD6556BD}"
EndProject
Project("{8BC9CEB8-8B4A-11D0-8D11-00A0C91BC942}") = "FORtasks", "FORtasks\FORtasks.vcxproj", "{B50F9416-9252-4305-A95A-B75D6A1552E5}"
EndProject
Project("{8BC9CEB8-8B4A-11D0-8D11-00A0C91BC942}") = "Loops", "Loops\Loops.vcxproj", "{86FB5A98-8ED1-44B0-A687-E16F58BA1A2A}"
EndProject
Project("{8BC9CEB8-8B4A-11D0-8D11-00A0C91BC942}") = "ASCII", "ASCII\ASCII.vcxproj", "{6D23F1EE-0A02-4C29-A366-A19464AC975F}"
EndProject
Project("{8BC9CEB8-8B4A-11D0-8D11-00A0C91BC942}") = "ChessBoard by stars", "ChessBoard\ChessBoard.vcxproj", "{657539EA-60BE-4F20-B2BB-618F2226E04D}"
EndProject
Project("{8BC9CEB8-8B4A-11D0-8D11-00A0C91BC942}") = "ChessBoardFull", "ChessBoardFull\ChessBoardFull.vcxproj", "{66476C63-2F73-4E38-BA09-29A551E39701}"
EndProject
Global
	GlobalSection(SolutionConfigurationPlatforms) = preSolution
		Debug|x64 = Debug|x64
		Debug|x86 = Debug|x86
		Release|x64 = Release|x64
		Release|x86 = Release|x86
	EndGlobalSection
	GlobalSection(ProjectConfigurationPlatforms) = postSolution
		{4D64E74A-1F77-4E5F-B8BD-913AAD6556BD}.Debug|x64.ActiveCfg = Debug|x64
		{4D64E74A-1F77-4E5F-B8BD-913AAD6556BD}.Debug|x64.Build.0 = Debug|x64
		{4D64E74A-1F77-4E5F-B8BD-913AAD6556BD}.Debug|x86.ActiveCfg = Debug|Win32
		{4D64E74A-1F77-4E5F-B8BD-913AAD6556BD}.Debug|x86.Build.0 = Debug|Win32
		{4D64E74A-1F77-4E5F-B8BD-913AAD6556BD}.Release|x64.ActiveCfg = Release|x64
		{4D64E74A-1F77-4E5F-B8BD-913AAD6556BD}.Release|x64.Build.0 = Release|x64
		{4D64E74A-1F77-4E5F-B8BD-913AAD6556BD}.Release|x86.ActiveCfg = Release|Win32
		{4D64E74A-1F77-4E5F-B8BD-913AAD6556BD}.Release|x86.Build.0 = Release|Win32
		{B50F9416-9252-4305-A95A-B75D6A1552E5}.Debug|x64.ActiveCfg = Debug|x64
		{B50F9416-9252-4305-A95A-B75D6A1552E5}.Debug|x64.Build.0 = Debug|x64
		{B50F9416-9252-4305-A95A-B75D6A1552E5}.Debug|x86.ActiveCfg = Debug|Win32
		{B50F9416-9252-4305-A95A-B75D6A1552E5}.Debug|x86.Build.0 = Debug|Win32
		{B50F9416-9252-4305-A95A-B75D6A1552E5}.Release|x64.ActiveCfg = Release|x64
		{B50F9416-9252-4305-A95A-B75D6A1552E5}.Release|x64.Build.0 = Release|x64
		{B50F9416-9252-4305-A95A-B75D6A1552E5}.Release|x86.ActiveCfg = Release|Win32
		{B50F9416-9252-4305-A95A-B75D6A1552E5}.Release|x86.Build.0 = Release|Win32
		{86FB5A98-8ED1-44B0-A687-E16F58BA1A2A}.Debug|x64.ActiveCfg = Debug|x64
		{86FB5A98-8ED1-44B0-A687-E16F58BA1A2A}.Debug|x64.Build.0 = Debug|x64
		{86FB5A98-8ED1-44B0-A687-E16F58BA1A2A}.Debug|x86.ActiveCfg = Debug|Win32
		{86FB5A98-8ED1-44B0-A687-E16F58BA1A2A}.Debug|x86.Build.0 = Debug|Win32
		{86FB5A98-8ED1-44B0-A687-E16F58BA1A2A}.Release|x64.ActiveCfg = Release|x64
		{86FB5A98-8ED1-44B0-A687-E16F58BA1A2A}.Release|x64.Build.0 = Release|x64
		{86FB5A98-8ED1-44B0-A687-E16F58BA1A2A}.Release|x86.ActiveCfg = Release|Win32
		{86FB5A98-8ED1-44B0-A687-E16F58BA1A2A}.Release|x86.Build.0 = Release|Win32
		{6D23F1EE-0A02-4C29-A366-A19464AC975F}.Debug|x64.ActiveCfg = Debug|x64
		{6D23F1EE-0A02-4C29-A366-A19464AC975F}.Debug|x64.Build.0 = Debug|x64
		{6D23F1EE-0A02-4C29-A366-A19464AC975F}.Debug|x86.ActiveCfg = Debug|Win32
		{6D23F1EE-0A02-4C29-A366-A19464AC975F}.Debug|x86.Build.0 = Debug|Win32
		{6D23F1EE-0A02-4C29-A366-A19464AC975F}.Release|x64.ActiveCfg = Release|x64
		{6D23F1EE-0A02-4C29-A366-A19464AC975F}.Release|x64.Build.0 = Release|x64
		{6D23F1EE-0A02-4C29-A366-A19464AC975F}.Release|x86.ActiveCfg = Release|Win32
		{6D23F1EE-0A02-4C29-A366-A19464AC975F}.Release|x86.Build.0 = Release|Win32
		{657539EA-60BE-4F20-B2BB-618F2226E04D}.Debug|x64.ActiveCfg = Debug|x64
		{657539EA-60BE-4F20-B2BB-618F2226E04D}.Debug|x64.Build.0 = Debug|x64
		{657539EA-60BE-4F20-B2BB-618F2226E04D}.Debug|x86.ActiveCfg = Debug|Win32
		{657539EA-60BE-4F20-B2BB-618F2226E04D}.Debug|x86.Build.0 = Debug|Win32
		{657539EA-60BE-4F20-B2BB-618F2226E04D}.Release|x64.ActiveCfg = Release|x64
		{657539EA-60BE-4F20-B2BB-618F2226E04D}.Release|x64.Build.0 = Release|x64
		{657539EA-60BE-4F20-B2BB-618F2226E04D}.Release|x86.ActiveCfg = Release|Win32
		{657539EA-60BE-4F20-B2BB-618F2226E04D}.Release|x86.Build.0 = Release|Win32
		{66476C63-2F73-4E38-BA09-29A551E39701}.Debug|x64.ActiveCfg = Debug|x64
		{66476C63-2F73-4E38-BA09-29A551E39701}.Debug|x64.Build.0 = Debug|x64
		{66476C63-2F73-4E38-BA09-29A551E39701}.Debug|x86.ActiveCfg = Debug|Win32
		{66476C63-2F73-4E38-BA09-29A551E39701}.Debug|x86.Build.0 = Debug|Win32
		{66476C63-2F73-4E38-BA09-29A551E39701}.Release|x64.ActiveCfg = Release|x64
		{66476C63-2F73-4E38-BA09-29A551E39701}.Release|x64.Build.0 = Release|x64
		{66476C63-2F73-4E38-BA09-29A551E39701}.Release|x86.ActiveCfg = Release|Win32
		{66476C63-2F73-4E38-BA09-29A551E39701}.Release|x86.Build.0 = Release|Win32
	EndGlobalSection
	GlobalSection(SolutionProperties) = preSolution
		HideSolutionNode = FALSE
	EndGlobalSection
	GlobalSection(ExtensibilityGlobals) = postSolution
		SolutionGuid = {F5AB0359-2861-43F5-9375-A34D4A8FB0AC}
	EndGlobalSection
EndGlobal
